
Microsoft Visual Studio Solution File, Format Version 12.00
# Visual Studio Version 17
VisualStudioVersion = 17.11.35312.102
MinimumVisualStudioVersion = 10.0.40219.1
Project("{8BC9CEB8-8B4A-11D0-8D11-00A0C91BC942}") = "ShuttingDown", "ShuttingDown\ShuttingDown.vcxproj", "{C998CC94-0E1C-4F2C-9553-59A27906EFE3}"
EndProject
Global
	GlobalSection(SolutionConfigurationPlatforms) = preSolution
		Debug|x64 = Debug|x64
		Debug|x86 = Debug|x86
		Release|x64 = Release|x64
		Release|x86 = Release|x86
	EndGlobalSection
	GlobalSection(ProjectConfigurationPlatforms) = postSolution
		{C998CC94-0E1C-4F2C-9553-59A27906EFE3}.Debug|x64.ActiveCfg = Debug|x64
		{C998CC94-0E1C-4F2C-9553-59A27906EFE3}.Debug|x64.Build.0 = Debug|x64
		{C998CC94-0E1C-4F2C-9553-59A27906EFE3}.Debug|x86.ActiveCfg = Debug|Win32
		{C998CC94-0E1C-4F2C-9553-59A27906EFE3}.Debug|x86.Build.0 = Debug|Win32
		{C998CC94-0E1C-4F2C-9553-59A27906EFE3}.Release|x64.ActiveCfg = Release|x64
		{C998CC94-0E1C-4F2C-9553-59A27906EFE3}.Release|x64.Build.0 = Release|x64
		{C998CC94-0E1C-4F2C-9553-59A27906EFE3}.Release|x86.ActiveCfg = Release|Win32
		{C998CC94-0E1C-4F2C-9553-59A27906EFE3}.Release|x86.Build.0 = Release|Win32
	EndGlobalSection
	GlobalSection(SolutionProperties) = preSolution
		HideSolutionNode = FALSE
	EndGlobalSection
	GlobalSection(ExtensibilityGlobals) = postSolution
		SolutionGuid = {8DCFFC9C-F1DA-45A0-BC88-1FDFF81DC86F}
	EndGlobalSection
EndGlobal
